
Microsoft Visual Studio Solution File, Format Version 12.00
# Visual Studio 14
VisualStudioVersion = 14.0.24720.0
MinimumVisualStudioVersion = 10.0.40219.1
Project("{2150E333-8FDC-42A3-9474-1A3956D46DE8}") = "SDK", "SDK", "{A5BC8AA0-5191-4B1D-845F-B4F0BD0287A4}"
EndProject
Project("{FAE04EC0-301F-11D3-BF4B-00C04F79EFBC}") = "Box.V2", "Box.V2\Box.V2.csproj", "{740075F5-8B88-4B8A-A75A-564F66359607}"
EndProject
Project("{FAE04EC0-301F-11D3-BF4B-00C04F79EFBC}") = "Box.V2.Test", "Box.V2.Test\Box.V2.Test.csproj", "{AA6B9D70-9314-43F8-A21D-773C814ED54E}"
EndProject
Project("{2150E333-8FDC-42A3-9474-1A3956D46DE8}") = "Solution Items", "Solution Items", "{35AB5C9A-74DE-4E10-A404-72020CD3C52C}"
	ProjectSection(SolutionItems) = preProject
		.gitignore = .gitignore
	EndProjectSection
EndProject
Global
	GlobalSection(SolutionConfigurationPlatforms) = preSolution
		Debug|Any CPU = Debug|Any CPU
		Debug|ARM = Debug|ARM
		Debug|x64 = Debug|x64
		Debug|x86 = Debug|x86
		Release|Any CPU = Release|Any CPU
		Release|ARM = Release|ARM
		Release|x64 = Release|x64
		Release|x86 = Release|x86
	EndGlobalSection
	GlobalSection(ProjectConfigurationPlatforms) = postSolution
		{740075F5-8B88-4B8A-A75A-564F66359607}.Debug|Any CPU.ActiveCfg = Debug|Any CPU
		{740075F5-8B88-4B8A-A75A-564F66359607}.Debug|Any CPU.Build.0 = Debug|Any CPU
		{740075F5-8B88-4B8A-A75A-564F66359607}.Debug|ARM.ActiveCfg = Debug|Any CPU
		{740075F5-8B88-4B8A-A75A-564F66359607}.Debug|x64.ActiveCfg = Debug|Any CPU
		{740075F5-8B88-4B8A-A75A-564F66359607}.Debug|x86.ActiveCfg = Debug|Any CPU
		{740075F5-8B88-4B8A-A75A-564F66359607}.Release|Any CPU.ActiveCfg = Release|Any CPU
		{740075F5-8B88-4B8A-A75A-564F66359607}.Release|Any CPU.Build.0 = Release|Any CPU
		{740075F5-8B88-4B8A-A75A-564F66359607}.Release|ARM.ActiveCfg = Release|Any CPU
		{740075F5-8B88-4B8A-A75A-564F66359607}.Release|x64.ActiveCfg = Release|Any CPU
		{740075F5-8B88-4B8A-A75A-564F66359607}.Release|x86.ActiveCfg = Release|Any CPU
		{AA6B9D70-9314-43F8-A21D-773C814ED54E}.Debug|Any CPU.ActiveCfg = Debug|Any CPU
		{AA6B9D70-9314-43F8-A21D-773C814ED54E}.Debug|Any CPU.Build.0 = Debug|Any CPU
		{AA6B9D70-9314-43F8-A21D-773C814ED54E}.Debug|ARM.ActiveCfg = Debug|Any CPU
		{AA6B9D70-9314-43F8-A21D-773C814ED54E}.Debug|ARM.Build.0 = Debug|Any CPU
		{AA6B9D70-9314-43F8-A21D-773C814ED54E}.Debug|x64.ActiveCfg = Debug|Any CPU
		{AA6B9D70-9314-43F8-A21D-773C814ED54E}.Debug|x64.Build.0 = Debug|Any CPU
		{AA6B9D70-9314-43F8-A21D-773C814ED54E}.Debug|x86.ActiveCfg = Debug|Any CPU
		{AA6B9D70-9314-43F8-A21D-773C814ED54E}.Debug|x86.Build.0 = Debug|Any CPU
		{AA6B9D70-9314-43F8-A21D-773C814ED54E}.Release|Any CPU.ActiveCfg = Release|Any CPU
		{AA6B9D70-9314-43F8-A21D-773C814ED54E}.Release|Any CPU.Build.0 = Release|Any CPU
		{AA6B9D70-9314-43F8-A21D-773C814ED54E}.Release|ARM.ActiveCfg = Release|Any CPU
		{AA6B9D70-9314-43F8-A21D-773C814ED54E}.Release|ARM.Build.0 = Release|Any CPU
		{AA6B9D70-9314-43F8-A21D-773C814ED54E}.Release|x64.ActiveCfg = Release|Any CPU
		{AA6B9D70-9314-43F8-A21D-773C814ED54E}.Release|x64.Build.0 = Release|Any CPU
		{AA6B9D70-9314-43F8-A21D-773C814ED54E}.Release|x86.ActiveCfg = Release|Any CPU
		{AA6B9D70-9314-43F8-A21D-773C814ED54E}.Release|x86.Build.0 = Release|Any CPU
	EndGlobalSection
	GlobalSection(SolutionProperties) = preSolution
		HideSolutionNode = FALSE
	EndGlobalSection
	GlobalSection(NestedProjects) = preSolution
		{740075F5-8B88-4B8A-A75A-564F66359607} = {A5BC8AA0-5191-4B1D-845F-B4F0BD0287A4}
	EndGlobalSection
EndGlobal
